
Microsoft Visual Studio Solution File, Format Version 12.00
# Visual Studio 15
VisualStudioVersion = 15.0.27428.2015
MinimumVisualStudioVersion = 10.0.40219.1
Project("{FAE04EC0-301F-11D3-BF4B-00C04F79EFBC}") = "Fractal", "Fractal\Fractal.csproj", "{F675D900-05E2-4D2D-B006-82F5851BD45E}"
EndProject
Global
	GlobalSection(SolutionConfigurationPlatforms) = preSolution
		Debug|Any CPU = Debug|Any CPU
		Release|Any CPU = Release|Any CPU
	EndGlobalSection
	GlobalSection(ProjectConfigurationPlatforms) = postSolution
		{F675D900-05E2-4D2D-B006-82F5851BD45E}.Debug|Any CPU.ActiveCfg = Debug|Any CPU
		{F675D900-05E2-4D2D-B006-82F5851BD45E}.Debug|Any CPU.Build.0 = Debug|Any CPU
		{F675D900-05E2-4D2D-B006-82F5851BD45E}.Release|Any CPU.ActiveCfg = Release|Any CPU
		{F675D900-05E2-4D2D-B006-82F5851BD45E}.Release|Any CPU.Build.0 = Release|Any CPU
	EndGlobalSection
	GlobalSection(SolutionProperties) = preSolution
		HideSolutionNode = FALSE
	EndGlobalSection
	GlobalSection(ExtensibilityGlobals) = postSolution
		SolutionGuid = {DF13C930-73C2-484E-B6F1-216B76B0DFF4}
	EndGlobalSection
EndGlobal
